NeoBundleLock codic-vim 8d722771e14f781907db0bd5ac20bf81af2fc32e
NeoBundleLock ctrlp.vim 7f74368d85bb521951dd58123349ce66b947d058
NeoBundleLock delimitMate 8bc47fd1c40cdad9ea1f36c0cf13592c70ea65e9
NeoBundleLock emmet-vim 0ccaa29dbde268888be21705b0de5de89b59ef48
NeoBundleLock gtags.vim 035262fd20273c06ddd5bc59cf49a93a7feca867
NeoBundleLock incsearch.vim 275044261ff1865f3c05ecaf0f5dcc3efd81975d
NeoBundleLock jedi-vim 625c568b1249db8c5f1b06a1f9371c06ba2d08b5
NeoBundleLock jscomplete-vim d3af71c06a07f1285f3a6f82b032f3c8fb9744eb
NeoBundleLock neobundle.vim 673be4ea1a6c77f5815ffe0738ef12b89f64f66e
NeoBundleLock neocomplcache 778181767467b8f8016828898779a646074d883a
NeoBundleLock nerdcommenter 1f4bfd59920c101a30a74a07b824608a6e65f3fe
NeoBundleLock nerdtree 4ebbb533c3faf2c480211db2b547972bb3b60f2b
NeoBundleLock open-browser.vim 8b342c9977e82becd8cbfabe5c453043bcd72395
NeoBundleLock previm b130f24277e3c6a5afa3984921516b0a83b31d28
NeoBundleLock syntastic d445e18fe10a4e06c25ff396a4e9d57a3bc20032
NeoBundleLock typescript-vim fa1efac6ce022fc307836d34828c6aff43481233
NeoBundleLock unite-colorscheme 3aa33866a183f7659594a3f6b66b2334eaebc6a0
NeoBundleLock unite.vim 738c5cbd36dc4d15820f885c404bd07a5416aa11
NeoBundleLock vim-airline b48b166a22fa36b172b69fa8ad109912ebecb768
NeoBundleLock vim-airline-themes 6d3710e4b12963c78a599b9f69a58b8da23728d2
NeoBundleLock vim-alignta cb3d593c48d7d3aef829b5aff49ddade24417a9f
NeoBundleLock vim-colorschemes 28a989b28457e38df620e4c7ab23e224aff70efe
NeoBundleLock vim-csscomb 3fa936353012307104e95ba126c945e7ff3d7245
NeoBundleLock vim-easymotion d8b4a60a2ffcae310d79b26d129a744e4fde45c1
NeoBundleLock vim-fugitive 9835920a3c91236021fc8c88cc4157304e24356b
NeoBundleLock vim-gdev 3e685265d8425001cebd92b49dfb3b1db77992e2
NeoBundleLock vim-gitgutter e884a0e26dcce8d86c95c13fb3305fe065815eaf
NeoBundleLock vim-indent-guides 49bde6fa30648345ffabfe55b3a095a293568a2e
NeoBundleLock vim-js-indent 9a71cb43e354624ebd8d38c560c9403c19f063e2
NeoBundleLock vim-markdown 7ef40b4cc5f95752bdf3def42d67c3b1c0da7409
NeoBundleLock vim-node 13b31218447335e176d46dd5f497b274f7f49595
NeoBundleLock vim-nodejs-complete 1e2f98f4366c6dec27fa8df72971fa9fa33e9f07
NeoBundleLock vim-operator-surround 4a9fb4f73672d0980c62b36bf3a4920aef4ae063
NeoBundleLock vim-operator-user c3dfd41c1ed516b4b901c97562e644de62c367aa
NeoBundleLock vim-python-pep8-indent f4f95ee041370e3e79bb72cb9b360a4ec5707785
NeoBundleLock vim-quickrun ac9f4be0698dffb30ebdf284f8ba5abbaab5eaca
NeoBundleLock vim-swift 1dbed3e3909ac1e5be7f45b7776e97bcf723e7e3
NeoBundleLock vim-textobj-multiblock 670a5ba57d73fcd793f480e262617c6eb0103355
NeoBundleLock vim-textobj-user a3054162c09bcf732624f43ddacbd85dad09713b
NeoBundleLock vim_goshrepl db5e2ad7d0ff51d0b4d8e4a8ac4943dcacd4230f
NeoBundleLock vimdoc_ja 14207be02ecb1de326b1f36792dafe50ab64b774
NeoBundleLock vimproc.vim 6cde85b6944bef2afb4f13d9d671da92ae9de62e
